
Microsoft Visual Studio Solution File, Format Version 12.00
# Visual Studio Version 16
VisualStudioVersion = 16.0.32929.386
MinimumVisualStudioVersion = 10.0.40219.1
Project("{FAE04EC0-301F-11D3-BF4B-00C04F79EFBC}") = "ToursAppKuksheva", "ToursAppKuksheva.csproj", "{69FB3450-2047-44D0-85C6-B369D41F606D}"
EndProject
Global
	GlobalSection(SolutionConfigurationPlatforms) = preSolution
		Debug|Any CPU = Debug|Any CPU
		Release|Any CPU = Release|Any CPU
	EndGlobalSection
	GlobalSection(ProjectConfigurationPlatforms) = postSolution
		{69FB3450-2047-44D0-85C6-B369D41F606D}.Debug|Any CPU.ActiveCfg = Debug|Any CPU
		{69FB3450-2047-44D0-85C6-B369D41F606D}.Debug|Any CPU.Build.0 = Debug|Any CPU
		{69FB3450-2047-44D0-85C6-B369D41F606D}.Release|Any CPU.ActiveCfg = Release|Any CPU
		{69FB3450-2047-44D0-85C6-B369D41F606D}.Release|Any CPU.Build.0 = Release|Any CPU
	EndGlobalSection
	GlobalSection(SolutionProperties) = preSolution
		HideSolutionNode = FALSE
	EndGlobalSection
	GlobalSection(ExtensibilityGlobals) = postSolution
		SolutionGuid = {83060EF5-C634-4734-845E-C18BA74E397E}
	EndGlobalSection
EndGlobal
